
Microsoft Visual Studio Solution File, Format Version 12.00
# Visual Studio Version 17
VisualStudioVersion = 17.10.34928.147
MinimumVisualStudioVersion = 10.0.40219.1
Project("{FAE04EC0-301F-11D3-BF4B-00C04F79EFBC}") = "DuAn1Final", "DuAn1Final\DuAn1Final.csproj", "{CC72BF97-4768-443C-910D-AEAE80BADBB4}"
EndProject
Global
	GlobalSection(SolutionConfigurationPlatforms) = preSolution
		Debug|Any CPU = Debug|Any CPU
		Release|Any CPU = Release|Any CPU
	EndGlobalSection
	GlobalSection(ProjectConfigurationPlatforms) = postSolution
		{CC72BF97-4768-443C-910D-AEAE80BADBB4}.Debug|Any CPU.ActiveCfg = Debug|Any CPU
		{CC72BF97-4768-443C-910D-AEAE80BADBB4}.Debug|Any CPU.Build.0 = Debug|Any CPU
		{CC72BF97-4768-443C-910D-AEAE80BADBB4}.Release|Any CPU.ActiveCfg = Release|Any CPU
		{CC72BF97-4768-443C-910D-AEAE80BADBB4}.Release|Any CPU.Build.0 = Release|Any CPU
	EndGlobalSection
	GlobalSection(SolutionProperties) = preSolution
		HideSolutionNode = FALSE
	EndGlobalSection
	GlobalSection(ExtensibilityGlobals) = postSolution
		SolutionGuid = {0AAE0737-F6CC-4719-A730-49E883816EC0}
	EndGlobalSection
EndGlobal
